
Microsoft Visual Studio Solution File, Format Version 12.00
# Visual Studio Version 16
VisualStudioVersion = 16.0.31729.503
MinimumVisualStudioVersion = 10.0.40219.1
Project("{FAE04EC0-301F-11D3-BF4B-00C04F79EFBC}") = "Votum.Voice", "Votum.Voice\Votum.Voice.csproj", "{C7E07B81-0E05-4B16-A7A0-D1E86AE34701}"
EndProject
Project("{FAE04EC0-301F-11D3-BF4B-00C04F79EFBC}") = "Votum.Voice.Styles", "Votum.Voice.Styles\Votum.Voice.Styles.csproj", "{83DB0E2F-EABE-4579-BEA9-7E8FC5193040}"
EndProject
Global
	GlobalSection(SolutionConfigurationPlatforms) = preSolution
		Debug|Any CPU = Debug|Any CPU
		Release|Any CPU = Release|Any CPU
	EndGlobalSection
	GlobalSection(ProjectConfigurationPlatforms) = postSolution
		{C7E07B81-0E05-4B16-A7A0-D1E86AE34701}.Debug|Any CPU.ActiveCfg = Debug|Any CPU
		{C7E07B81-0E05-4B16-A7A0-D1E86AE34701}.Debug|Any CPU.Build.0 = Debug|Any CPU
		{C7E07B81-0E05-4B16-A7A0-D1E86AE34701}.Release|Any CPU.ActiveCfg = Release|Any CPU
		{C7E07B81-0E05-4B16-A7A0-D1E86AE34701}.Release|Any CPU.Build.0 = Release|Any CPU
		{83DB0E2F-EABE-4579-BEA9-7E8FC5193040}.Debug|Any CPU.ActiveCfg = Debug|Any CPU
		{83DB0E2F-EABE-4579-BEA9-7E8FC5193040}.Debug|Any CPU.Build.0 = Debug|Any CPU
		{83DB0E2F-EABE-4579-BEA9-7E8FC5193040}.Release|Any CPU.ActiveCfg = Release|Any CPU
		{83DB0E2F-EABE-4579-BEA9-7E8FC5193040}.Release|Any CPU.Build.0 = Release|Any CPU
	EndGlobalSection
	GlobalSection(SolutionProperties) = preSolution
		HideSolutionNode = FALSE
	EndGlobalSection
	GlobalSection(ExtensibilityGlobals) = postSolution
		SolutionGuid = {507AD6C3-0E0A-4DA4-84A7-4D3689CF7982}
	EndGlobalSection
EndGlobal
